
Microsoft Visual Studio Solution File, Format Version 12.00
# Visual Studio Version 17
VisualStudioVersion = 17.2.32616.157
MinimumVisualStudioVersion = 10.0.40219.1
Project("{FAE04EC0-301F-11D3-BF4B-00C04F79EFBC}") = "FlatSharpDelta.Compiler", "FlatSharpDelta.Compiler\FlatSharpDelta.Compiler.csproj", "{701BB570-BCE6-4CF9-9EEB-04D824FD1968}"
EndProject
Global
	GlobalSection(SolutionConfigurationPlatforms) = preSolution
		Debug|Any CPU = Debug|Any CPU
		Release|Any CPU = Release|Any CPU
	EndGlobalSection
	GlobalSection(ProjectConfigurationPlatforms) = postSolution
		{701BB570-BCE6-4CF9-9EEB-04D824FD1968}.Debug|Any CPU.ActiveCfg = Debug|Any CPU
		{701BB570-BCE6-4CF9-9EEB-04D824FD1968}.Debug|Any CPU.Build.0 = Debug|Any CPU
		{701BB570-BCE6-4CF9-9EEB-04D824FD1968}.Release|Any CPU.ActiveCfg = Release|Any CPU
		{701BB570-BCE6-4CF9-9EEB-04D824FD1968}.Release|Any CPU.Build.0 = Release|Any CPU
	EndGlobalSection
	GlobalSection(SolutionProperties) = preSolution
		HideSolutionNode = FALSE
	EndGlobalSection
	GlobalSection(ExtensibilityGlobals) = postSolution
		SolutionGuid = {177CC46B-C10E-47D1-ADF4-AEEBA8681421}
	EndGlobalSection
EndGlobal
